# THIS IS AN AUTOGENERATED FILE. DO NOT EDIT THIS FILE DIRECTLY.
# yarn lockfile v1


"@types/nedb@^1.8.10":
  version "1.8.10"
  resolved "https://registry.yarnpkg.com/@types/nedb/-/nedb-1.8.10.tgz#b3bdbe1a702751e55976581d79c8b344c059cf29"
  integrity sha512-M0ISm1qsNvkdXNZml1r/1bEVqt5SJHF/LFcCtH5dHfsSIG0LEj5FhwK0f4fZy9WPCsXjmrKfpzgEW/bdQuKqmQ==
  dependencies:
    "@types/node" "*"

"@types/node@*":
  version "14.6.0"
  resolved "https://registry.yarnpkg.com/@types/node/-/node-14.6.0.tgz#7d4411bf5157339337d7cff864d9ff45f177b499"
  integrity sha512-mikldZQitV94akrc4sCcSjtJfsTKt4p+e/s0AGscVA6XArQ9kFclP+ZiYUMnq987rc6QlYxXv/EivqlfSLxpKA==
